
Microsoft Visual Studio Solution File, Format Version 12.00
# Visual Studio 15
VisualStudioVersion = 15.0.28307.329
MinimumVisualStudioVersion = 10.0.40219.1
Project("{FAE04EC0-301F-11D3-BF4B-00C04F79EFBC}") = "shipper", "shipper\shipper.csproj", "{A10A50A6-B426-4E8F-A507-79D4146124DE}"
EndProject
Global
	GlobalSection(SolutionConfigurationPlatforms) = preSolution
		Debug|Any CPU = Debug|Any CPU
		Release|Any CPU = Release|Any CPU
	EndGlobalSection
	GlobalSection(ProjectConfigurationPlatforms) = postSolution
		{A10A50A6-B426-4E8F-A507-79D4146124DE}.Debug|Any CPU.ActiveCfg = Debug|Any CPU
		{A10A50A6-B426-4E8F-A507-79D4146124DE}.Debug|Any CPU.Build.0 = Debug|Any CPU
		{A10A50A6-B426-4E8F-A507-79D4146124DE}.Release|Any CPU.ActiveCfg = Release|Any CPU
		{A10A50A6-B426-4E8F-A507-79D4146124DE}.Release|Any CPU.Build.0 = Release|Any CPU
	EndGlobalSection
	GlobalSection(SolutionProperties) = preSolution
		HideSolutionNode = FALSE
	EndGlobalSection
	GlobalSection(ExtensibilityGlobals) = postSolution
		SolutionGuid = {3AEC8D1A-2FF7-4265-B74A-E8F6FDA44C84}
	EndGlobalSection
EndGlobal
